
Microsoft Visual Studio Solution File, Format Version 12.00
# Visual Studio Version 16
VisualStudioVersion = 16.0.31205.134
MinimumVisualStudioVersion = 10.0.40219.1
Project("{9A19103F-16F7-4668-BE54-9A1E7A4F7556}") = "Rubix", "Rubix\Rubix.csproj", "{3DC531A4-0211-4443-AABB-6E6AE4B21135}"
EndProject
Project("{FAE04EC0-301F-11D3-BF4B-00C04F79EFBC}") = "Tests", "Tests\Tests.csproj", "{B3163BCB-7877-47BD-B054-D2CF640267B0}"
EndProject
Global
	GlobalSection(SolutionConfigurationPlatforms) = preSolution
		Debug|Any CPU = Debug|Any CPU
		Release|Any CPU = Release|Any CPU
	EndGlobalSection
	GlobalSection(ProjectConfigurationPlatforms) = postSolution
		{3DC531A4-0211-4443-AABB-6E6AE4B21135}.Debug|Any CPU.ActiveCfg = Debug|Any CPU
		{3DC531A4-0211-4443-AABB-6E6AE4B21135}.Debug|Any CPU.Build.0 = Debug|Any CPU
		{3DC531A4-0211-4443-AABB-6E6AE4B21135}.Release|Any CPU.ActiveCfg = Release|Any CPU
		{3DC531A4-0211-4443-AABB-6E6AE4B21135}.Release|Any CPU.Build.0 = Release|Any CPU
		{B3163BCB-7877-47BD-B054-D2CF640267B0}.Debug|Any CPU.ActiveCfg = Debug|Any CPU
		{B3163BCB-7877-47BD-B054-D2CF640267B0}.Debug|Any CPU.Build.0 = Debug|Any CPU
		{B3163BCB-7877-47BD-B054-D2CF640267B0}.Release|Any CPU.ActiveCfg = Release|Any CPU
		{B3163BCB-7877-47BD-B054-D2CF640267B0}.Release|Any CPU.Build.0 = Release|Any CPU
	EndGlobalSection
	GlobalSection(SolutionProperties) = preSolution
		HideSolutionNode = FALSE
	EndGlobalSection
	GlobalSection(ExtensibilityGlobals) = postSolution
		SolutionGuid = {01521AF3-05F5-4BB9-9FC3-F5385F7E32A0}
	EndGlobalSection
EndGlobal
